
Microsoft Visual Studio Solution File, Format Version 12.00
# Visual Studio Version 17
VisualStudioVersion = 17.3.32929.385
MinimumVisualStudioVersion = 10.0.40219.1
Project("{FAE04EC0-301F-11D3-BF4B-00C04F79EFBC}") = "BEShopDunk", "BEShopDunk\BEShopDunk.csproj", "{8B96168C-F772-4131-B4DD-AFA4D11E8606}"
EndProject
Global
	GlobalSection(SolutionConfigurationPlatforms) = preSolution
		Debug|Any CPU = Debug|Any CPU
		Release|Any CPU = Release|Any CPU
	EndGlobalSection
	GlobalSection(ProjectConfigurationPlatforms) = postSolution
		{8B96168C-F772-4131-B4DD-AFA4D11E8606}.Debug|Any CPU.ActiveCfg = Debug|Any CPU
		{8B96168C-F772-4131-B4DD-AFA4D11E8606}.Debug|Any CPU.Build.0 = Debug|Any CPU
		{8B96168C-F772-4131-B4DD-AFA4D11E8606}.Release|Any CPU.ActiveCfg = Release|Any CPU
		{8B96168C-F772-4131-B4DD-AFA4D11E8606}.Release|Any CPU.Build.0 = Release|Any CPU
	EndGlobalSection
	GlobalSection(SolutionProperties) = preSolution
		HideSolutionNode = FALSE
	EndGlobalSection
	GlobalSection(ExtensibilityGlobals) = postSolution
		SolutionGuid = {F8E6F94A-80A3-4692-8FF8-5F7CE073C5CA}
	EndGlobalSection
EndGlobal
